{
  "name": "markojs-form",
  "version": "1.0.0",
  "lockfileVersion": 2,
  "requires": true,
  "packages": {
    "": {
      "version": "1.0.0",
      "license": "MIT",
      "dependencies": {
        "@fabrice8/ui-store": "^1.0.2"
      }
    },
    "node_modules/@fabrice8/ui-store": {
      "version": "1.0.2",
      "resolved": "https://registry.npmjs.org/@fabrice8/ui-store/-/ui-store-1.0.2.tgz",
      "integrity": "sha512-bKK//N2MyzkCAiuC4LYNFD94FcKTHLET/0YbfXAY8eFnIgxtsNdLlFjvam++PlklG5HaP2JrsfyOyhB9zuSWog=="
    }
  },
  "dependencies": {
    "@fabrice8/ui-store": {
      "version": "1.0.2",
      "resolved": "https://registry.npmjs.org/@fabrice8/ui-store/-/ui-store-1.0.2.tgz",
      "integrity": "sha512-bKK//N2MyzkCAiuC4LYNFD94FcKTHLET/0YbfXAY8eFnIgxtsNdLlFjvam++PlklG5HaP2JrsfyOyhB9zuSWog=="
    }
  }
}
